{
  "version": 4,
  "terraform_version": "1.6.6",
  "serial": 4,
  "lineage": "190eb24b-9ba6-45bf-bada-9bea84ddcf20",
  "outputs": {},
  "resources": [
    {
      "mode": "managed",
      "type": "aws_key_pair",
      "name": "dev",
      "provider": "provider[\"registry.terraform.io/hashicorp/aws\"]",
      "instances": [
        {
          "schema_version": 1,
          "attributes": {
            "arn": "arn:aws:ec2:us-east-1:650668427502:key-pair/../module/inctances/id_rsa.pub",
            "fingerprint": "7b:fe:e1:73:45:8b:a0:68:64:10:a2:c7:7f:bd:9e:5d",
            "id": "../module/inctances/id_rsa.pub",
            "key_name": "../module/inctances/id_rsa.pub",
            "key_name_prefix": "",
            "key_pair_id": "key-0b94bba0e0c56ef3b",
            "key_type": "rsa",
            "public_key": "ssh-rsa AAAAB3NzaC1yc2EAAAADAQABAAABgQDBv5PvBC6aHXMb1DNwkAO1v/9Rs0OxkSra3NI9GHTPExlcRLJJErCQNYhqnaSgkPJPrvY/KLkBDt4lQ6F2awWxCPD9T6nDyJ4jm8jlr9NMdJLkafA2CRdDVXvo298wTRoE9Cxr9eoirMPtdhCq4SbuK1xxh23CRLwXE3RfqPGMjlQE8jNSqVrI7b2SeEci1F4gwDpKLSWdi2xujt7SxMnhGu1yfmUSNPF9TxEQSvIjtT+SyBgcYFZ6r6zUpFHTDud42mhmq+phoGGSXbTGX9L68KKCRZToi0Daq4VJWHBrKZcgIEMsauADE0Az0vC1ab7ninchuqOWc6AgKEtANUb2g10US46eK4+z+n32urVj3LAa5oDF9XJRfJh7TfN5+Ao3s1BxcE6iL+3a9+8fpl/lUwKW1Kgi/6+eYbOVQ27qbVYP+r9bA9SvdKQCOqMKWwqwhGF9h98XVOiBIFprCaAjdZckEkuA1K4FoTmGAqecrTiHxkR0xIJXmCMaXzIuaLU= fmoreno@DESKTOP-8BLCLQC",
            "tags": null,
            "tags_all": {}
          },
          "sensitive_attributes": [],
          "private": "eyJzY2hlbWFfdmVyc2lvbiI6IjEifQ=="
        }
      ]
    }
  ],
  "check_results": null
}
