{
  "version": 4,
  "terraform_version": "1.6.6",
  "serial": 24,
  "lineage": "87041c8c-d3a8-746a-1b2b-07069962c0fd",
  "outputs": {},
  "resources": [
    {
      "module": "module.ec2_instance",
      "mode": "managed",
      "type": "aws_instance",
      "name": "ec2_instance",
      "provider": "module.ec2_instance.provider[\"registry.terraform.io/hashicorp/aws\"]",
      "instances": [
        {
          "schema_version": 1,
          "attributes": {
            "ami": "ami-0fc5d935ebf8bc3bc",
            "arn": "arn:aws:ec2:us-east-1:650668427502:instance/i-05089355ec2cad85b",
            "associate_public_ip_address": true,
            "availability_zone": "us-east-1e",
            "capacity_reservation_specification": [
              {
                "capacity_reservation_preference": "open",
                "capacity_reservation_target": []
              }
            ],
            "cpu_core_count": 1,
            "cpu_options": [
              {
                "amd_sev_snp": "",
                "core_count": 1,
                "threads_per_core": 1
              }
            ],
            "cpu_threads_per_core": 1,
            "credit_specification": [
              {
                "cpu_credits": "standard"
              }
            ],
            "disable_api_stop": false,
            "disable_api_termination": false,
            "ebs_block_device": [],
            "ebs_optimized": false,
            "enclave_options": [
              {
                "enabled": false
              }
            ],
            "ephemeral_block_device": [],
            "get_password_data": false,
            "hibernation": false,
            "host_id": "",
            "host_resource_group_arn": null,
            "iam_instance_profile": "",
            "id": "i-05089355ec2cad85b",
            "instance_initiated_shutdown_behavior": "stop",
            "instance_lifecycle": "",
            "instance_market_options": [],
            "instance_state": "running",
            "instance_type": "t2.micro",
            "ipv6_address_count": 0,
            "ipv6_addresses": [],
            "key_name": "key_name",
            "launch_template": [],
            "maintenance_options": [
              {
                "auto_recovery": "default"
              }
            ],
            "metadata_options": [
              {
                "http_endpoint": "enabled",
                "http_protocol_ipv6": "disabled",
                "http_put_response_hop_limit": 1,
                "http_tokens": "optional",
                "instance_metadata_tags": "disabled"
              }
            ],
            "monitoring": false,
            "network_interface": [],
            "outpost_arn": "",
            "password_data": "",
            "placement_group": "",
            "placement_partition_number": 0,
            "primary_network_interface_id": "eni-0f2bc8e5936d6f43a",
            "private_dns": "ip-10-0-1-247.ec2.internal",
            "private_dns_name_options": [
              {
                "enable_resource_name_dns_a_record": false,
                "enable_resource_name_dns_aaaa_record": false,
                "hostname_type": "ip-name"
              }
            ],
            "private_ip": "10.0.1.247",
            "public_dns": "",
            "public_ip": "54.86.179.224",
            "root_block_device": [
              {
                "delete_on_termination": true,
                "device_name": "/dev/sda1",
                "encrypted": false,
                "iops": 100,
                "kms_key_id": "",
                "tags": {},
                "throughput": 0,
                "volume_id": "vol-0d9d3d7254a175f50",
                "volume_size": 8,
                "volume_type": "gp2"
              }
            ],
            "secondary_private_ips": [],
            "security_groups": [],
            "source_dest_check": true,
            "spot_instance_request_id": "",
            "subnet_id": "subnet-0fee51412ac70d7d0",
            "tags": {
              "Name": "DEV-EC2"
            },
            "tags_all": {
              "Name": "DEV-EC2"
            },
            "tenancy": "default",
            "timeouts": null,
            "user_data": null,
            "user_data_base64": null,
            "user_data_replace_on_change": false,
            "volume_tags": null,
            "vpc_security_group_ids": [
              "sg-09aaa5a014e174f1e"
            ]
          },
          "sensitive_attributes": [],
          "private": "eyJlMmJmYjczMC1lY2FhLTExZTYtOGY4OC0zNDM2M2JjN2M0YzAiOnsiY3JlYXRlIjo2MDAwMDAwMDAwMDAsImRlbGV0ZSI6MTIwMDAwMDAwMDAwMCwidXBkYXRlIjo2MDAwMDAwMDAwMDB9LCJzY2hlbWFfdmVyc2lvbiI6IjEifQ=="
        }
      ]
    },
    {
      "module": "module.ec2_instance",
      "mode": "managed",
      "type": "aws_key_pair",
      "name": "dev",
      "provider": "module.ec2_instance.provider[\"registry.terraform.io/hashicorp/aws\"]",
      "instances": [
        {
          "schema_version": 1,
          "attributes": {
            "arn": "arn:aws:ec2:us-east-1:650668427502:key-pair/key_name",
            "fingerprint": "7b:fe:e1:73:45:8b:a0:68:64:10:a2:c7:7f:bd:9e:5d",
            "id": "key_name",
            "key_name": "key_name",
            "key_name_prefix": "",
            "key_pair_id": "key-0fbfe4cd0a219efdf",
            "key_type": "rsa",
            "public_key": "ssh-rsa AAAAB3NzaC1yc2EAAAADAQABAAABgQDBv5PvBC6aHXMb1DNwkAO1v/9Rs0OxkSra3NI9GHTPExlcRLJJErCQNYhqnaSgkPJPrvY/KLkBDt4lQ6F2awWxCPD9T6nDyJ4jm8jlr9NMdJLkafA2CRdDVXvo298wTRoE9Cxr9eoirMPtdhCq4SbuK1xxh23CRLwXE3RfqPGMjlQE8jNSqVrI7b2SeEci1F4gwDpKLSWdi2xujt7SxMnhGu1yfmUSNPF9TxEQSvIjtT+SyBgcYFZ6r6zUpFHTDud42mhmq+phoGGSXbTGX9L68KKCRZToi0Daq4VJWHBrKZcgIEMsauADE0Az0vC1ab7ninchuqOWc6AgKEtANUb2g10US46eK4+z+n32urVj3LAa5oDF9XJRfJh7TfN5+Ao3s1BxcE6iL+3a9+8fpl/lUwKW1Kgi/6+eYbOVQ27qbVYP+r9bA9SvdKQCOqMKWwqwhGF9h98XVOiBIFprCaAjdZckEkuA1K4FoTmGAqecrTiHxkR0xIJXmCMaXzIuaLU= fmoreno@DESKTOP-8BLCLQC",
            "tags": {},
            "tags_all": {}
          },
          "sensitive_attributes": [],
          "private": "eyJzY2hlbWFfdmVyc2lvbiI6IjEifQ=="
        }
      ]
    }
  ],
  "check_results": null
}
